schema: '2.0'
stages:
  data_ingestion:
    cmd: python src/cnnClassifier/pipeline/stage_01_data_ingestion.py
    deps:
    - path: config/config.yaml
      hash: md5
      md5: 5051065125e63a67837da47acd5e2b05
      size: 1140
    - path: src/cnnClassifier/pipeline/stage_01_data_ingestion.py
      hash: md5
      md5: c4d9c0294a8a645bd4cdbf651b9a8c43
      size: 899
    outs:
    - path: artifacts/data_ingestion/Chicken-fecal-images
      hash: md5
      md5: 9e1f8dd2eae3c29e9d635df89d438ae4.dir
      size: 12207807
      nfiles: 390
  prepare_base_model:
    cmd: python src/cnnClassifier/pipeline/stage_02_prepare_base_model.py
    deps:
    - path: config/config.yaml
      hash: md5
      md5: 5051065125e63a67837da47acd5e2b05
      size: 1140
    - path: src/cnnClassifier/pipeline/stage_02_prepare_base_model.py
      hash: md5
      md5: 9d6eed3824aba5689cad1585846c1b57
      size: 1020
    params:
      params.yaml:
        CLASSES: 2
        IMAGE_SIZE:
        - 224
        - 224
        - 3
        INCLUDE_TOP: false
        LEARNING_RATE: 0.01
        WEIGHTS: imagenet
    outs:
    - path: artifacts/prepare_base_model
      hash: md5
      md5: 98b01f0de51e3df06d1fe1bd458893c0.dir
      size: 118059248
      nfiles: 2
  training:
    cmd: python src/cnnClassifier/pipeline/stage_03_training.py
    deps:
    - path: artifacts/data_ingestion/Chicken-fecal-images
      hash: md5
      md5: 9e1f8dd2eae3c29e9d635df89d438ae4.dir
      size: 12207807
      nfiles: 390
    - path: artifacts/prepare_base_model
      hash: md5
      md5: 98b01f0de51e3df06d1fe1bd458893c0.dir
      size: 118059248
      nfiles: 2
    - path: config/config.yaml
      hash: md5
      md5: 5051065125e63a67837da47acd5e2b05
      size: 1140
    - path: src/cnnClassifier/components/prepare_callbacks.py
      hash: md5
      md5: 3c0f8bdcc1bb92a6fea57fc5ca47d08b
      size: 883
    - path: src/cnnClassifier/pipeline/stage_03_training.py
      hash: md5
      md5: dc66b64069b4381c2119cda7a8a559c8
      size: 1277
    params:
      params.yaml:
        AUGMENTATION: true
        BATCH_SIZE: 16
        EPOCHS: 3
        IMAGE_SIZE:
        - 224
        - 224
        - 3
    outs:
    - path: artifacts/training/model.h5
      hash: md5
      md5: d1c50c207b6c3a94a54849382fdce70f
      size: 59340720
  evaluation:
    cmd: python src/cnnClassifier/pipeline/stage_04_evaluation.py
    deps:
    - path: artifacts/data_ingestion/Chicken-fecal-images
      hash: md5
      md5: 9e1f8dd2eae3c29e9d635df89d438ae4.dir
      size: 12207807
      nfiles: 390
    - path: artifacts/training/model.h5
      hash: md5
      md5: d1c50c207b6c3a94a54849382fdce70f
      size: 59340720
    - path: config/config.yaml
      hash: md5
      md5: 5051065125e63a67837da47acd5e2b05
      size: 1140
    - path: src/cnnClassifier/pipeline/stage_04_evaluation.py
      hash: md5
      md5: a602a57e5a08d6d203059af6a906d33e
      size: 853
    params:
      params.yaml:
        BATCH_SIZE: 16
        IMAGE_SIZE:
        - 224
        - 224
        - 3
    outs:
    - path: scores.json
      hash: md5
      md5: fcc6274bbb5171eb3df26c7a7cad0695
      size: 73
